
Microsoft Visual Studio Solution File, Format Version 12.00
# Visual Studio Version 16
VisualStudioVersion = 16.0.29424.173
MinimumVisualStudioVersion = 10.0.40219.1
Project("{9A19103F-16F7-4668-BE54-9A1E7A4F7556}") = "TheGreatPyramid.Api", "TheGreatPyramid\TheGreatPyramid.Api.csproj", "{9EF46783-32E8-4605-81E6-55D7266BC49B}"
EndProject
Project("{FAE04EC0-301F-11D3-BF4B-00C04F79EFBC}") = "TheGreatPyramid.Test", "TheGreatPyramid.Test\TheGreatPyramid.Test.csproj", "{978E514B-9541-442E-A92B-C28674875782}"
EndProject
Global
	GlobalSection(SolutionConfigurationPlatforms) = preSolution
		Debug|Any CPU = Debug|Any CPU
		Release|Any CPU = Release|Any CPU
	EndGlobalSection
	GlobalSection(ProjectConfigurationPlatforms) = postSolution
		{9EF46783-32E8-4605-81E6-55D7266BC49B}.Debug|Any CPU.ActiveCfg = Debug|Any CPU
		{9EF46783-32E8-4605-81E6-55D7266BC49B}.Debug|Any CPU.Build.0 = Debug|Any CPU
		{9EF46783-32E8-4605-81E6-55D7266BC49B}.Release|Any CPU.ActiveCfg = Release|Any CPU
		{9EF46783-32E8-4605-81E6-55D7266BC49B}.Release|Any CPU.Build.0 = Release|Any CPU
		{978E514B-9541-442E-A92B-C28674875782}.Debug|Any CPU.ActiveCfg = Debug|Any CPU
		{978E514B-9541-442E-A92B-C28674875782}.Debug|Any CPU.Build.0 = Debug|Any CPU
		{978E514B-9541-442E-A92B-C28674875782}.Release|Any CPU.ActiveCfg = Release|Any CPU
		{978E514B-9541-442E-A92B-C28674875782}.Release|Any CPU.Build.0 = Release|Any CPU
	EndGlobalSection
	GlobalSection(SolutionProperties) = preSolution
		HideSolutionNode = FALSE
	EndGlobalSection
	GlobalSection(ExtensibilityGlobals) = postSolution
		SolutionGuid = {78C97936-17CA-4335-8EEB-D2AA53B453A9}
	EndGlobalSection
EndGlobal
